Microsoft Visual Studio Solution File, Format Version 12.00
# Visual Studio Version 17
VisualStudioVersion = 17.5.2.0
MinimumVisualStudioVersion = 10.0.40219.1
Project("{FAE04EC0-301F-11D3-BF4B-00C04F79EFBC}") = "Investmint.API", "Investmint.API\Investmint.API.csproj", "{05244107-8E98-2E05-D442-7463256CBEF4}"
EndProject
Global
	GlobalSection(SolutionConfigurationPlatforms) = preSolution
		Debug|Any CPU = Debug|Any CPU
		Release|Any CPU = Release|Any CPU
	EndGlobalSection
	GlobalSection(ProjectConfigurationPlatforms) = postSolution
		{05244107-8E98-2E05-D442-7463256CBEF4}.Debug|Any CPU.ActiveCfg = Debug|Any CPU
		{05244107-8E98-2E05-D442-7463256CBEF4}.Debug|Any CPU.Build.0 = Debug|Any CPU
		{05244107-8E98-2E05-D442-7463256CBEF4}.Release|Any CPU.ActiveCfg = Release|Any CPU
		{05244107-8E98-2E05-D442-7463256CBEF4}.Release|Any CPU.Build.0 = Release|Any CPU
	EndGlobalSection
	GlobalSection(SolutionProperties) = preSolution
		HideSolutionNode = FALSE
	EndGlobalSection
	GlobalSection(ExtensibilityGlobals) = postSolution
		SolutionGuid = {F3570C50-5224-4EAA-8452-7DDC887E4345}
	EndGlobalSection
EndGlobal
